
Microsoft Visual Studio Solution File, Format Version 12.00
# Visual Studio 2012
Project("{FAE04EC0-301F-11D3-BF4B-00C04F79EFBC}") = "Ejercicio9LaboratorioUMG", "Ejercicio9LaboratorioUMG\Ejercicio9LaboratorioUMG.csproj", "{AD9671C6-0B39-46BA-BB24-68373C546A67}"
EndProject
Global
	GlobalSection(SolutionConfigurationPlatforms) = preSolution
		Debug|x86 = Debug|x86
		Release|x86 = Release|x86
	EndGlobalSection
	GlobalSection(ProjectConfigurationPlatforms) = postSolution
		{AD9671C6-0B39-46BA-BB24-68373C546A67}.Debug|x86.ActiveCfg = Debug|x86
		{AD9671C6-0B39-46BA-BB24-68373C546A67}.Debug|x86.Build.0 = Debug|x86
		{AD9671C6-0B39-46BA-BB24-68373C546A67}.Release|x86.ActiveCfg = Release|x86
		{AD9671C6-0B39-46BA-BB24-68373C546A67}.Release|x86.Build.0 = Release|x86
	EndGlobalSection
EndGlobal
