
Microsoft Visual Studio Solution File, Format Version 12.00
# Visual Studio 2012
Project("{FAE04EC0-301F-11D3-BF4B-00C04F79EFBC}") = "Ejercicio21LaboratorioUMG", "Ejercicio21LaboratorioUMG\Ejercicio21LaboratorioUMG.csproj", "{0CFC6981-BB59-49AF-ACC3-E5CAC9E4FD09}"
EndProject
Global
	GlobalSection(SolutionConfigurationPlatforms) = preSolution
		Debug|x86 = Debug|x86
		Release|x86 = Release|x86
	EndGlobalSection
	GlobalSection(ProjectConfigurationPlatforms) = postSolution
		{0CFC6981-BB59-49AF-ACC3-E5CAC9E4FD09}.Debug|x86.ActiveCfg = Debug|x86
		{0CFC6981-BB59-49AF-ACC3-E5CAC9E4FD09}.Debug|x86.Build.0 = Debug|x86
		{0CFC6981-BB59-49AF-ACC3-E5CAC9E4FD09}.Release|x86.ActiveCfg = Release|x86
		{0CFC6981-BB59-49AF-ACC3-E5CAC9E4FD09}.Release|x86.Build.0 = Release|x86
	EndGlobalSection
EndGlobal
